// !$*UTF8*$!
{
	archiveVersion = 1;
	classes = {
	};
	objectVersion = 56;
	objects = {

/* Begin PBXBuildFile section */
		1C81D6F669B7BB6D2FFCCEB3 /* FirebaseCore in Frameworks */ = {isa = PBXBuildFile; productRef = "TEMP_3590F640-3E35-40D9-B016-7774FDB5F347" /* FirebaseCore */; };
		379D4C6DBBA934A8EF44CDDE /* GoogleSignIn in Frameworks */ = {isa = PBXBuildFile; productRef = B6E18E1D8AEE3BF1FDA1E5E9 /* GoogleSignIn */; };
		445C052442747365B7CB2124 /* FirebaseCore in Frameworks */ = {isa = PBXBuildFile; productRef = 16D66C9411832E1B7D572C76 /* FirebaseCore */; };
		A100000000000001 /* iOSApp.swift in Sources */ = {isa = PBXBuildFile; fileRef = A200000000000001 /* iOSApp.swift */; };
		A100000000000002 /* ContentView.swift in Sources */ = {isa = PBXBuildFile; fileRef = A200000000000002 /* ContentView.swift */; };
		B7C4F6137AC8345E71E92063 /* FirebaseAuth in Frameworks */ = {isa = PBXBuildFile; productRef = 617043448F4869026C2F0BB4 /* FirebaseAuth */; };
		F100000000000001 /* FirebaseMessaging in Frameworks */ = {isa = PBXBuildFile; productRef = F100000000000002 /* FirebaseMessaging */; };
		C87B4FA04BDA1DA04158D48E /* GoogleService-Info.plist in Resources */ = {isa = PBXBuildFile; fileRef = A55143988C4C8F291BE72E9A /* GoogleService-Info.plist */; };
		A100000000000005 /* Assets.xcassets in Resources */ = {isa = PBXBuildFile; fileRef = A200000000000005 /* Assets.xcassets */; };
/* End PBXBuildFile section */

/* Begin PBXFileReference section */
		A200000000000001 /* iOSApp.swift */ = {isa = PBXFileReference; lastKnownFileType = sourcecode.swift; path = iOSApp.swift; sourceTree = "<group>"; };
		A200000000000002 /* ContentView.swift */ = {isa = PBXFileReference; lastKnownFileType = sourcecode.swift; path = ContentView.swift; sourceTree = "<group>"; };
		A200000000000003 /* Info.plist */ = {isa = PBXFileReference; lastKnownFileType = text.plist.xml; path = Info.plist; sourceTree = "<group>"; };
		A200000000000004 /* iosApp.app */ = {isa = PBXFileReference; explicitFileType = wrapper.application; includeInIndex = 0; path = iosApp.app; sourceTree = BUILT_PRODUCTS_DIR; };
		A55143988C4C8F291BE72E9A /* GoogleService-Info.plist */ = {isa = PBXFileReference; explicitFileType = text.plist; lastKnownFileType = text.plist; name = "GoogleService-Info.plist"; path = "GoogleService-Info.plist"; sourceTree = "<group>"; };
		A200000000000005 /* Assets.xcassets */ = {isa = PBXFileReference; lastKnownFileType = folder.assetcatalog; path = Assets.xcassets; sourceTree = "<group>"; };
/* End PBXFileReference section */

/* Begin PBXFrameworksBuildPhase section */
		A300000000000001 /* Frameworks */ = {
			isa = PBXFrameworksBuildPhase;
			buildActionMask = 2147483647;
			files = (
				1C81D6F669B7BB6D2FFCCEB3 /* FirebaseCore in Frameworks */,
				445C052442747365B7CB2124 /* FirebaseCore in Frameworks */,
				B7C4F6137AC8345E71E92063 /* FirebaseAuth in Frameworks */,
				F100000000000001 /* FirebaseMessaging in Frameworks */,
				379D4C6DBBA934A8EF44CDDE /* GoogleSignIn in Frameworks */,
			);
			runOnlyForDeploymentPostprocessing = 0;
		};
/* End PBXFrameworksBuildPhase section */

/* Begin PBXGroup section */
		A400000000000001 = {
			isa = PBXGroup;
			children = (
				A400000000000002 /* iosApp */,
				A400000000000003 /* Products */,
			);
			sourceTree = "<group>";
		};
		A400000000000002 /* iosApp */ = {
			isa = PBXGroup;
			children = (
				A200000000000001 /* iOSApp.swift */,
				A200000000000002 /* ContentView.swift */,
				A200000000000003 /* Info.plist */,
				A200000000000005 /* Assets.xcassets */,
				A55143988C4C8F291BE72E9A /* GoogleService-Info.plist */,
			);
			path = iosApp;
			sourceTree = "<group>";
		};
		A400000000000003 /* Products */ = {
			isa = PBXGroup;
			children = (
				A200000000000004 /* iosApp.app */,
			);
			name = Products;
			sourceTree = "<group>";
		};
/* End PBXGroup section */

/* Begin PBXNativeTarget section */
		A500000000000001 /* iosApp */ = {
			isa = PBXNativeTarget;
			buildConfigurationList = A700000000000002 /* Build configuration list for PBXNativeTarget "iosApp" */;
			buildPhases = (
				A600000000000001 /* Compile Kotlin */,
				A600000000000002 /* Sources */,
				A300000000000001 /* Frameworks */,
				A600000000000003 /* Resources */,
			);
			buildRules = (
			);
			dependencies = (
			);
			name = iosApp;
			packageProductDependencies = (
				16D66C9411832E1B7D572C76 /* FirebaseCore */,
				617043448F4869026C2F0BB4 /* FirebaseAuth */,
				F100000000000002 /* FirebaseMessaging */,
				B6E18E1D8AEE3BF1FDA1E5E9 /* GoogleSignIn */,
			);
			productName = iosApp;
			productReference = A200000000000004 /* iosApp.app */;
			productType = "com.apple.product-type.application";
		};
/* End PBXNativeTarget section */

/* Begin PBXProject section */
		A800000000000001 /* Project object */ = {
			isa = PBXProject;
			attributes = {
				BuildIndependentTargetsInParallel = 1;
				LastSwiftUpdateCheck = 1500;
				LastUpgradeCheck = 1500;
				TargetAttributes = {
					A500000000000001 = {
						CreatedOnToolsVersion = 15.0;
					};
				};
			};
			buildConfigurationList = A700000000000001 /* Build configuration list for PBXProject "iosApp" */;
			compatibilityVersion = "Xcode 14.0";
			developmentRegion = es;
			hasScannedForEncodings = 0;
			knownRegions = (
				en,
				es,
				Base,
			);
			mainGroup = A400000000000001;
			packageReferences = (
				7C4F1707FE80007C7DCEAE3C /* XCRemoteSwiftPackageReference "firebase-ios-sdk" */,
				DF1BCD5B98717A06C1B5AE17 /* XCRemoteSwiftPackageReference "GoogleSignIn-iOS" */,
			);
			productRefGroup = A400000000000003 /* Products */;
			projectDirPath = "";
			projectRoot = "";
			targets = (
				A500000000000001 /* iosApp */,
			);
		};
/* End PBXProject section */

/* Begin PBXResourcesBuildPhase section */
		A600000000000003 /* Resources */ = {
			isa = PBXResourcesBuildPhase;
			buildActionMask = 2147483647;
			files = (
				C87B4FA04BDA1DA04158D48E /* GoogleService-Info.plist in Resources */,
				A100000000000005 /* Assets.xcassets in Resources */,
			);
			runOnlyForDeploymentPostprocessing = 0;
		};
/* End PBXResourcesBuildPhase section */

/* Begin PBXShellScriptBuildPhase section */
		A600000000000001 /* Compile Kotlin */ = {
			isa = PBXShellScriptBuildPhase;
			alwaysOutOfDate = 1;
			buildActionMask = 2147483647;
			files = (
			);
			inputFileListPaths = (
			);
			inputPaths = (
			);
			name = "Compile Kotlin";
			outputFileListPaths = (
			);
			outputPaths = (
			);
			runOnlyForDeploymentPostprocessing = 0;
			shellPath = /bin/sh;
			shellScript = "cd \"$SRCROOT/..\"\n./gradlew :composeApp:embedAndSignAppleFrameworkForXcode\n";
		};
/* End PBXShellScriptBuildPhase section */

/* Begin PBXSourcesBuildPhase section */
		A600000000000002 /* Sources */ = {
			isa = PBXSourcesBuildPhase;
			buildActionMask = 2147483647;
			files = (
				A100000000000001 /* iOSApp.swift in Sources */,
				A100000000000002 /* ContentView.swift in Sources */,
			);
			runOnlyForDeploymentPostprocessing = 0;
		};
/* End PBXSourcesBuildPhase section */

/* Begin XCBuildConfiguration section */
		A900000000000001 /* Debug */ = {
			isa = XCBuildConfiguration;
			buildSettings = {
				ALWAYS_SEARCH_USER_PATHS = NO;
				CLANG_ENABLE_MODULES = YES;
				CLANG_ENABLE_OBJC_ARC = YES;
				COPY_PHASE_STRIP = NO;
				DEBUG_INFORMATION_FORMAT = dwarf;
				ENABLE_TESTABILITY = YES;
				GCC_DYNAMIC_NO_PIC = NO;
				IPHONEOS_DEPLOYMENT_TARGET = 16.0;
				MTL_ENABLE_DEBUG_INFO = INCLUDE_SOURCE;
				ONLY_ACTIVE_ARCH = YES;
				SDKROOT = iphoneos;
				SWIFT_ACTIVE_COMPILATION_CONDITIONS = DEBUG;
				SWIFT_OPTIMIZATION_LEVEL = "-Onone";
			};
			name = Debug;
		};
		A900000000000002 /* Release */ = {
			isa = XCBuildConfiguration;
			buildSettings = {
				ALWAYS_SEARCH_USER_PATHS = NO;
				CLANG_ENABLE_MODULES = YES;
				CLANG_ENABLE_OBJC_ARC = YES;
				COPY_PHASE_STRIP = NO;
				DEBUG_INFORMATION_FORMAT = "dwarf-with-dsym";
				IPHONEOS_DEPLOYMENT_TARGET = 16.0;
				MTL_ENABLE_DEBUG_INFO = NO;
				SDKROOT = iphoneos;
				SWIFT_COMPILATION_MODE = wholemodule;
				SWIFT_OPTIMIZATION_LEVEL = "-O";
				VALIDATE_PRODUCT = YES;
			};
			name = Release;
		};
		A900000000000003 /* Debug */ = {
			isa = XCBuildConfiguration;
			buildSettings = {
				ASSETCATALOG_COMPILER_APPICON_NAME = AppIcon;
				CODE_SIGN_ENTITLEMENTS = iosApp/iosApp.entitlements;
				CODE_SIGN_STYLE = Automatic;
				DEVELOPMENT_TEAM = WER3D825VB;
				ENABLE_PREVIEWS = YES;
				FRAMEWORK_SEARCH_PATHS = "$(SRCROOT)/../composeApp/build/xcode-frameworks/$(CONFIGURATION)/$(SDK_NAME)";
				GENERATE_INFOPLIST_FILE = NO;
				INFOPLIST_FILE = iosApp/Info.plist;
				IPHONEOS_DEPLOYMENT_TARGET = 16.0;
				LD_RUNPATH_SEARCH_PATHS = (
					"$(inherited)",
					"@executable_path/Frameworks",
				);
				OTHER_LDFLAGS = (
					"$(inherited)",
					"-framework",
					ComposeApp,
					"-ObjC",
				);
				PRODUCT_BUNDLE_IDENTIFIER = com.onlygoodthings.app;
				PRODUCT_NAME = "$(TARGET_NAME)";
				SWIFT_EMIT_LOC_STRINGS = YES;
				SWIFT_VERSION = 5.0;
				TARGETED_DEVICE_FAMILY = "1,2";
			};
			name = Debug;
		};
		A900000000000004 /* Release */ = {
			isa = XCBuildConfiguration;
			buildSettings = {
				ASSETCATALOG_COMPILER_APPICON_NAME = AppIcon;
				CODE_SIGN_ENTITLEMENTS = iosApp/iosApp.entitlements;
				CODE_SIGN_STYLE = Automatic;
				DEVELOPMENT_TEAM = WER3D825VB;
				ENABLE_PREVIEWS = YES;
				FRAMEWORK_SEARCH_PATHS = "$(SRCROOT)/../composeApp/build/xcode-frameworks/$(CONFIGURATION)/$(SDK_NAME)";
				GENERATE_INFOPLIST_FILE = NO;
				INFOPLIST_FILE = iosApp/Info.plist;
				IPHONEOS_DEPLOYMENT_TARGET = 16.0;
				LD_RUNPATH_SEARCH_PATHS = (
					"$(inherited)",
					"@executable_path/Frameworks",
				);
				OTHER_LDFLAGS = (
					"$(inherited)",
					"-framework",
					ComposeApp,
					"-ObjC",
				);
				PRODUCT_BUNDLE_IDENTIFIER = com.onlygoodthings.app;
				PRODUCT_NAME = "$(TARGET_NAME)";
				SWIFT_EMIT_LOC_STRINGS = YES;
				SWIFT_VERSION = 5.0;
				TARGETED_DEVICE_FAMILY = "1,2";
			};
			name = Release;
		};
/* End XCBuildConfiguration section */

/* Begin XCConfigurationList section */
		A700000000000001 /* Build configuration list for PBXProject "iosApp" */ = {
			isa = XCConfigurationList;
			buildConfigurations = (
				A900000000000001 /* Debug */,
				A900000000000002 /* Release */,
			);
			defaultConfigurationIsVisible = 0;
			defaultConfigurationName = Release;
		};
		A700000000000002 /* Build configuration list for PBXNativeTarget "iosApp" */ = {
			isa = XCConfigurationList;
			buildConfigurations = (
				A900000000000003 /* Debug */,
				A900000000000004 /* Release */,
			);
			defaultConfigurationIsVisible = 0;
			defaultConfigurationName = Release;
		};
/* End XCConfigurationList section */

/* Begin XCRemoteSwiftPackageReference section */
		7C4F1707FE80007C7DCEAE3C /* XCRemoteSwiftPackageReference "firebase-ios-sdk" */ = {
			isa = XCRemoteSwiftPackageReference;
			repositoryURL = "https://github.com/firebase/firebase-ios-sdk";
			requirement = {
				kind = upToNextMajorVersion;
				minimumVersion = 12.19.2;
			};
		};
		DF1BCD5B98717A06C1B5AE17 /* XCRemoteSwiftPackageReference "GoogleSignIn-iOS" */ = {
			isa = XCRemoteSwiftPackageReference;
			repositoryURL = "https://github.com/google/GoogleSignIn-iOS";
			requirement = {
				kind = upToNextMajorVersion;
				minimumVersion = 9.0.0;
			};
		};
/* End XCRemoteSwiftPackageReference section */

/* Begin XCSwiftPackageProductDependency section */
		16D66C9411832E1B7D572C76 /* FirebaseCore */ = {
			isa = XCSwiftPackageProductDependency;
			package = 7C4F1707FE80007C7DCEAE3C /* XCRemoteSwiftPackageReference "firebase-ios-sdk" */;
			productName = FirebaseCore;
		};
		617043448F4869026C2F0BB4 /* FirebaseAuth */ = {
			isa = XCSwiftPackageProductDependency;
			package = 7C4F1707FE80007C7DCEAE3C /* XCRemoteSwiftPackageReference "firebase-ios-sdk" */;
			productName = FirebaseAuth;
		};
		F100000000000002 /* FirebaseMessaging */ = {
			isa = XCSwiftPackageProductDependency;
			package = 7C4F1707FE80007C7DCEAE3C /* XCRemoteSwiftPackageReference "firebase-ios-sdk" */;
			productName = FirebaseMessaging;
		};
		B6E18E1D8AEE3BF1FDA1E5E9 /* GoogleSignIn */ = {
			isa = XCSwiftPackageProductDependency;
			package = DF1BCD5B98717A06C1B5AE17 /* XCRemoteSwiftPackageReference "GoogleSignIn-iOS" */;
			productName = GoogleSignIn;
		};
		"TEMP_3590F640-3E35-40D9-B016-7774FDB5F347" /* FirebaseCore */ = {
			isa = XCSwiftPackageProductDependency;
			package = 7C4F1707FE80007C7DCEAE3C /* XCRemoteSwiftPackageReference "firebase-ios-sdk" */;
			productName = FirebaseCore;
		};
/* End XCSwiftPackageProductDependency section */
	};
	rootObject = A800000000000001 /* Project object */;
}
